{
  "version": 2,
  "dependencies": {
    "net10.0": {
      "Avalonia": {
        "type": "Direct",
        "requested": "[12.1.0, )",
        "resolved": "12.1.0",
        "contentHash": "an4ugAy2q6GTdaFl635V8W/LKrWNL+mnSFUprbgyf8m1Zzf9WgoGaF5ajGv5i4gXefMZrzsUPV1QU+kKrgwCWg==",
        "dependencies": {
          "Avalonia.BuildServices": "11.3.2",
          "Avalonia.Remote.Protocol": "12.1.0",
          "MicroCom.Runtime": "0.11.6"
        }
      },
      "Avalonia.Desktop": {
        "type": "Direct",
        "requested": "[12.1.0, )",
        "resolved": "12.1.0",
        "contentHash": "mxhz50At61IBQbB/bCo5JGp53rPi3GerGO9mFo/v93uBHa4J3cz3NSSqnVWSyQXKbPCwQhrogfEFWbKBgecy1w==",
        "dependencies": {
          "Avalonia": "12.1.0",
          "Avalonia.HarfBuzz": "12.1.0",
          "Avalonia.Native": "12.1.0",
          "Avalonia.Skia": "12.1.0",
          "Avalonia.Win32": "12.1.0",
          "Avalonia.X11": "12.1.0"
        }
      },
      "Avalonia.Fonts.Inter": {
        "type": "Direct",
        "requested": "[12.1.0, )",
        "resolved": "12.1.0",
        "contentHash": "2mK5Rv6aMWgXfQ2JZOq1Wo2bTNAfiidg2GO4b3MgLRN89ezfvfsSfp4P5Pl4ssRcWWwdV0jGzIw8n0xc9B26VA==",
        "dependencies": {
          "Avalonia": "12.1.0"
        }
      },
      "Avalonia.Themes.Fluent": {
        "type": "Direct",
        "requested": "[12.1.0, )",
        "resolved": "12.1.0",
        "contentHash": "MVi5L9HymnNm+gP2aNXNcyrP2iKGJWFubQ5Bv8/Przflxca1aIT9QBpTUV6c3olA9rLYFY7MJRR/C/BZaUhemQ==",
        "dependencies": {
          "Avalonia": "12.1.0"
        }
      },
      "AvaloniaUI.DiagnosticsSupport": {
        "type": "Direct",
        "requested": "[2.2.3, )",
        "resolved": "2.2.3",
        "contentHash": "kQCInYusi2c9tjd9hV05Lln6Csbo07kiC672M3G7dsalDBe2j+pOk3We2nzdyy5ptQYy/9gQiC8ZaHhb6u/5Kw==",
        "dependencies": {
          "Microsoft.Extensions.Logging.Abstractions": "8.0.0",
          "Microsoft.IO.RecyclableMemoryStream": "3.0.1"
        }
      },
      "Microsoft.DotNet.ILCompiler": {
        "type": "Direct",
        "requested": "[10.0.9, )",
        "resolved": "10.0.9",
        "contentHash": "4y+VsQOcs4EiTSINdCpCWi/aLRbIbGTxSezQXd8uGVhzbDRm1FNVTZDyCUQixE0+g9UFusvfxVcF68YYz7RzxA=="
      },
      "Microsoft.NET.ILLink.Tasks": {
        "type": "Direct",
        "requested": "[10.0.9, )",
        "resolved": "10.0.9",
        "contentHash": "4Iw41e2h7I4t70SJcX2GCmbyKJIlA273Cfm9RJMM050/3VBejGAG1KcthP5Z2L6SQcbfbf6BhNWO26+ZG+GzMg=="
      },
      "Avalonia.Angle.Windows.Natives": {
        "type": "Transitive",
        "resolved": "2.1.27548.20260419",
        "contentHash": "l17nI3XVDN3oMnpjf2pnmJg0YTwK4m6NLsn/itAjDMdObTFxN77D5F1M9sRMSfViSY3KKcse1ROczwgoWLJsnA=="
      },
      "Avalonia.BuildServices": {
        "type": "Transitive",
        "resolved": "11.3.2",
        "contentHash": "qHDToxto1e3hci5YqbG9n0Ty8mlp3zBUN5wT66wKqaDVzXyQ0do3EnRILd4Ke9jpvsktaPpgE0YjEk7hornryQ=="
      },
      "Avalonia.FreeDesktop": {
        "type": "Transitive",
        "resolved": "12.1.0",
        "contentHash": "89mrS7dSYtisJrjQufCOomHeAynlVVKZ+dq4leKtzHXXKVoWsE0Nb2ymiNYPMlirwzwpemflGj+K34opwyLeJQ==",
        "dependencies": {
          "Avalonia": "12.1.0",
          "Tmds.DBus.Protocol": "0.94.1"
        }
      },
      "Avalonia.FreeDesktop.AtSpi": {
        "type": "Transitive",
        "resolved": "12.1.0",
        "contentHash": "WWahMjzKtDl2PGHa8mS6NHIVMT+JNKVIeT5xMLp9SBTMvjHNpEbXTX3PNbbIQ7hRMSETAJ/PAnvgOzatGktEKQ==",
        "dependencies": {
          "Avalonia": "12.1.0"
        }
      },
      "Avalonia.HarfBuzz": {
        "type": "Transitive",
        "resolved": "12.1.0",
        "contentHash": "uWPa/kg+fmqhrUR5GzFC2ZL2MPszxcEy14hTSwu3VhjwTnaVarUozoPmggQjZG4A4s6w2bcGepsYYaCM/eOoMA==",
        "dependencies": {
          "Avalonia": "12.1.0",
          "HarfBuzzSharp": "8.3.1.3",
          "HarfBuzzSharp.NativeAssets.Linux": "8.3.1.3",
          "HarfBuzzSharp.NativeAssets.WebAssembly": "8.3.1.3"
        }
      },
      "Avalonia.Native": {
        "type": "Transitive",
        "resolved": "12.1.0",
        "contentHash": "mfNMtGP7rEVWSZoii0l40mlNhgNR6ZISTvHP7OAMn5YQHiK66EjfN26SL/kLnz1buy2VtMIiGVBbIttL8FYCZg==",
        "dependencies": {
          "Avalonia": "12.1.0"
        }
      },
      "Avalonia.Remote.Protocol": {
        "type": "Transitive",
        "resolved": "12.1.0",
        "contentHash": "p6OKt6O7vOub4TS2pAjaeW0Y13oxrPs4uixeVZpJByiSQKKk+LyApN5yRy2JerpfTMtI86Y5pNwugyKTHZJnAw=="
      },
      "Avalonia.Skia": {
        "type": "Transitive",
        "resolved": "12.1.0",
        "contentHash": "K63pwExQkcjVbsYJOiOq0hYAO4G5d7T42yK8MGNrvwBKv/bJVlV14jGvV4wXcsuYAU8IWlOHgqq5sMUiDfj4vw==",
        "dependencies": {
          "Avalonia": "12.1.0",
          "HarfBuzzSharp": "8.3.1.3",
          "HarfBuzzSharp.NativeAssets.Linux": "8.3.1.3",
          "HarfBuzzSharp.NativeAssets.WebAssembly": "8.3.1.3",
          "SkiaSharp": "3.119.4",
          "SkiaSharp.NativeAssets.Linux": "3.119.4",
          "SkiaSharp.NativeAssets.WebAssembly": "3.119.4"
        }
      },
      "Avalonia.Win32": {
        "type": "Transitive",
        "resolved": "12.1.0",
        "contentHash": "D0xxPtFeOK8cKK991ul92rlFtDO3II0E44dHM0ix4/8LVc9+1LaMdbf1eMnp1RclFwX2bt7HPhbySnrG5uArxA==",
        "dependencies": {
          "Avalonia": "12.1.0",
          "Avalonia.Angle.Windows.Natives": "2.1.27548.20260419"
        }
      },
      "Avalonia.X11": {
        "type": "Transitive",
        "resolved": "12.1.0",
        "contentHash": "6+YHVGf44ictmGj88diMCw9pC9tiwnMlUgosDi0VDmyUQFuy/mJIa4J0rZu6G+UMbjGuyLDQLmtvU4tTOhLMPg==",
        "dependencies": {
          "Avalonia": "12.1.0",
          "Avalonia.FreeDesktop": "12.1.0",
          "Avalonia.FreeDesktop.AtSpi": "12.1.0",
          "Avalonia.Skia": "12.1.0"
        }
      },
      "FParsec": {
        "type": "Transitive",
        "resolved": "1.1.1",
        "contentHash": "Wdjf/gCNLEwd+0nUCDh9jAIIcKGwfhRramySTnTcVVgNC6i4Vp5aJklUJJfvFkEZMYNZEDGcI8pCa36/TmwmSg==",
        "dependencies": {
          "FSharp.Core": "4.3.4"
        }
      },
      "FSharp.Control.Reactive": {
        "type": "Transitive",
        "resolved": "5.0.5",
        "contentHash": "bTNzMAMvA3fxWT4Swzcb5p53+ZTzI/SWwEwqyE+oat/d9OMsyXKegw19IKmw995SVWeRdV5BALmgQJrB39ojVA==",
        "dependencies": {
          "FSharp.Core": "4.7.2",
          "System.Reactive": "[5.0.0, 6.0.0)"
        }
      },
      "FSharpx.Collections": {
        "type": "Transitive",
        "resolved": "3.1.0",
        "contentHash": "VKK+/6zD4GoAYam1MLNd5NQTL+sG9i69MkCy7f67PUhGTuoXFVNgym1mcxKvD0Kt3Cbua3aoKlNP3G5WwT9mYw==",
        "dependencies": {
          "FSharp.Core": "4.3.4"
        }
      },
      "HarfBuzzSharp": {
        "type": "Transitive",
        "resolved": "8.3.1.3",
        "contentHash": "NGZ2+ZVNPM+NdHB/asW0/ykWngyHWwcqjrbN2nDeH1B/aptPGlCUl8wkQ2cSJxw5fdWgdmIPmNuTPWpLwNVXWg==",
        "dependencies": {
          "HarfBuzzSharp.NativeAssets.Win32": "8.3.1.3",
          "HarfBuzzSharp.NativeAssets.macOS": "8.3.1.3"
        }
      },
      "HarfBuzzSharp.NativeAssets.Linux": {
        "type": "Transitive",
        "resolved": "8.3.1.3",
        "contentHash": "RI6A1LgmooU30+4QIyFt5rmBCzP0VzTR+587IJSGvYIsHHWlahFufihYxtraLfsIhW7I8dn6+xX+DZGygOPKWQ=="
      },
      "HarfBuzzSharp.NativeAssets.macOS": {
        "type": "Transitive",
        "resolved": "8.3.1.3",
        "contentHash": "KPTq0xnslkI6nAo0jh3ptcQPJvZZr7MWYXa2jUe4SnHc9q+JlHElmNXp0sfFoiTgoCX7WOYpYsurypuH9Gehxw=="
      },
      "HarfBuzzSharp.NativeAssets.WebAssembly": {
        "type": "Transitive",
        "resolved": "8.3.1.3",
        "contentHash": "w2QfdNm9Uz/sUa0B5D+OnVQhyq3G/fBq6ibQMdWBlQqqwh0g0/5j3RFvYqZAmRZ5+RzvjVe8o8SFFnWYUSkuxA=="
      },
      "HarfBuzzSharp.NativeAssets.Win32": {
        "type": "Transitive",
        "resolved": "8.3.1.3",
        "contentHash": "bx8CE8Js+XGX8PUxAHCBDEORt5aaBYtMN4Hr9QFs57Xithh6yjUyYqksizH6eRDhJkwsGI+SXWmPmMm8lZC9Pw=="
      },
      "Ionide.ProjInfo": {
        "type": "Transitive",
        "resolved": "0.70.2",
        "contentHash": "cp9rDw/Hac+tEopFiaTDOonKkqsGncwkIv35ZMeU6eczL5TB2G/hMfjxuhUqr9szaElpvt4No5IyDaXC2zawqw==",
        "dependencies": {
          "FSharp.Core": "6.0.0",
          "Microsoft.VisualStudio.SolutionPersistence": "1.0.28",
          "SemanticVersioning": "2.0.2"
        }
      },
      "Ionide.ProjInfo.ProjectSystem": {
        "type": "Transitive",
        "resolved": "0.70.2",
        "contentHash": "eypngAqMscBNxonYRTS2iODOamZo4YHHEOKGThbKLVLq0uW7bUh4xE9o6YYJEgkZ7bDwxTgnpxWDIQkOLgO2Ig==",
        "dependencies": {
          "Fsharp.Control.Reactive": "5.0.5",
          "Ionide.ProjInfo.FCS": "0.70.2",
          "Newtonsoft.Json": "13.0.3"
        }
      },
      "McMaster.NETCore.Plugins": {
        "type": "Transitive",
        "resolved": "2.0.0",
        "contentHash": "pmmrI3qPE53xEJEcg575jQeDNPzMWfNJO8/SASlB9PLPrGVrsyVNFRrvfo+3BzcbQxfUBF1//gTOiJ82dOTlTw=="
      },
      "MicroCom.Runtime": {
        "type": "Transitive",
        "resolved": "0.11.6",
        "contentHash": "NdNWGDiZ6eS/Mf/9+QHR91cj1K7Hy+PX9yrHI/zM7xFYuj9IWT2uxtB6sCHjrnxAeLV9fut1R6zHDUGKX6f9lQ=="
      },
      "Microsoft.Build": {
        "type": "Transitive",
        "resolved": "17.14.28",
        "contentHash": "MmGLEsROW1C9dH/d4sOqUX0sVNs2uwTCFXRQb89+pYNWDNJE+7bTJG9kOCbHeCH252XLnP55KIaOgwSpf6J4Kw==",
        "dependencies": {
          "Microsoft.Build.Framework": "17.14.28",
          "Microsoft.NET.StringTools": "17.14.28",
          "System.Configuration.ConfigurationManager": "9.0.0",
          "System.Diagnostics.EventLog": "9.0.0",
          "System.Reflection.MetadataLoadContext": "9.0.0",
          "System.Security.Cryptography.ProtectedData": "9.0.0"
        }
      },
      "Microsoft.Build.Framework": {
        "type": "Transitive",
        "resolved": "17.14.28",
        "contentHash": "wRcyTzGV0LRAtFdrddtioh59Ky4/zbvyraP0cQkDzRSRkhgAQb0K88D/JNC6VHLIXanRi3mtV1jU0uQkBwmiVg=="
      },
      "Microsoft.Build.Locator": {
        "type": "Transitive",
        "resolved": "1.9.1",
        "contentHash": "UTO1acAAxYkpI8lU9ff5D9kn4p85bFwph28Y3QPVM9qy5HKQy3kpB6gWcuVGtlSPtvfzfC67CMDHO/JDys2gNQ=="
      },
      "Microsoft.Build.Tasks.Core": {
        "type": "Transitive",
        "resolved": "17.14.28",
        "contentHash": "jk3O0tXp9QWPXhLJ7Pl8wm/eGtGgA1++vwHGWEmnwMU6eP//ghtcCUpQh9CQMwEKGDnH0aJf285V1s8yiSlKfQ==",
        "dependencies": {
          "Microsoft.Build.Framework": "17.14.28",
          "Microsoft.Build.Utilities.Core": "17.14.28",
          "Microsoft.NET.StringTools": "17.14.28",
          "System.CodeDom": "9.0.0",
          "System.Configuration.ConfigurationManager": "9.0.0",
          "System.Diagnostics.EventLog": "9.0.0",
          "System.Formats.Nrbf": "9.0.0",
          "System.Resources.Extensions": "9.0.0",
          "System.Security.Cryptography.Pkcs": "9.0.0",
          "System.Security.Cryptography.ProtectedData": "9.0.0",
          "System.Security.Cryptography.Xml": "9.0.0"
        }
      },
      "Microsoft.Build.Utilities.Core": {
        "type": "Transitive",
        "resolved": "17.14.28",
        "contentHash": "rhSdPo8QfLXXWM+rY0x0z1G4KK4ZhMoIbHROyDj8MUBFab9nvHR0NaMnjzOgXldhmD2zi2ir8d6xCatNzlhF5g==",
        "dependencies": {
          "Microsoft.Build.Framework": "17.14.28",
          "Microsoft.NET.StringTools": "17.14.28",
          "System.Configuration.ConfigurationManager": "9.0.0",
          "System.Diagnostics.EventLog": "9.0.0",
          "System.Security.Cryptography.ProtectedData": "9.0.0"
        }
      },
      "Microsoft.Extensions.DependencyInjection.Abstractions": {
        "type": "Transitive",
        "resolved": "8.0.0",
        "contentHash": "cjWrLkJXK0rs4zofsK4bSdg+jhDLTaxrkXu4gS6Y7MAlCvRyNNgwY/lJi5RDlQOnSZweHqoyvgvbdvQsRIW+hg=="
      },
      "Microsoft.Extensions.Logging.Abstractions": {
        "type": "Transitive",
        "resolved": "8.0.0",
        "contentHash": "arDBqTgFCyS0EvRV7O3MZturChstm50OJ0y9bDJvAcmEPJm0FFpFyjU/JLYyStNGGey081DvnQYlncNX5SJJGA==",
        "dependencies": {
          "Microsoft.Extensions.DependencyInjection.Abstractions": "8.0.0"
        }
      },
      "Microsoft.IO.RecyclableMemoryStream": {
        "type": "Transitive",
        "resolved": "3.0.1",
        "contentHash": "s/s20YTVY9r9TPfTrN5g8zPF1YhwxyqO6PxUkrYTGI2B+OGPe9AdajWZrLhFqXIvqIW23fnUE4+ztrUWNU1+9g=="
      },
      "Microsoft.NET.StringTools": {
        "type": "Transitive",
        "resolved": "17.14.28",
        "contentHash": "DMIeWDlxe0Wz0DIhJZ2FMoGQAN2yrGZOi5jjFhRYHWR5ONd0CS6IpAHlRnA7uA/5BF+BADvgsETxW2XrPiFc1A=="
      },
      "Microsoft.VisualStudio.SolutionPersistence": {
        "type": "Transitive",
        "resolved": "1.0.28",
        "contentHash": "VAdfHO35rE29gaVP8RPf6Et+z6wygxUCyQFUARgzplNje7keq9JZY8vF5oexhHxUTKqilMQyXQ8XdjRFjhQQwQ=="
      },
      "Newtonsoft.Json": {
        "type": "Transitive",
        "resolved": "13.0.3",
        "contentHash": "HrC5BXdl00IP9zeV+0Z848QWPAoCr9P3bDEZguI+gkLcBKAOxix/tLEAAHC+UvDNPv4a2d18lOReHMOagPa+zQ=="
      },
      "SemanticVersioning": {
        "type": "Transitive",
        "resolved": "2.0.2",
        "contentHash": "4EQgYdNZ92SyaO7YFk6olVnebF5V+jrHyMUjvPq89tLeMo8NSfgDF+6Zwq/lgh9j/0yfQp9Lkm0ZA0rUATCZFA=="
      },
      "SkiaSharp": {
        "type": "Transitive",
        "resolved": "3.119.4",
        "contentHash": "53NOSUZ1Us+91Sm0uCkIivh/k7jOowRErZT2sIWwPFN9mLUvdxnE6rS4sWo4255+Rd2MWUSF+j0NMZHD6Cke+Q==",
        "dependencies": {
          "SkiaSharp.NativeAssets.Win32": "3.119.4",
          "SkiaSharp.NativeAssets.macOS": "3.119.4"
        }
      },
      "SkiaSharp.NativeAssets.Linux": {
        "type": "Transitive",
        "resolved": "3.119.4",
        "contentHash": "UAyVzbqNfZsZbKbzj68zXLyUyF/SbTKmzTfOO6qDu++dtIUMMTzPBe8oOuzU/DiewpfKoUUlOSsJmqWc6blxBw=="
      },
      "SkiaSharp.NativeAssets.macOS": {
        "type": "Transitive",
        "resolved": "3.119.4",
        "contentHash": "fgBOWEqbY012x7gMfJU4ezgz6dfhJb30Z6YdW35h85Zoe39+a8YNbAAwL29ihPfWoppg5AjvyKNzD1oCvlqWwA=="
      },
      "SkiaSharp.NativeAssets.WebAssembly": {
        "type": "Transitive",
        "resolved": "3.119.4",
        "contentHash": "S1HOxtBbD4bYDtA2e9WH5TX+lxqRrTPvKjrjttRhxnHNNu7YY8VFo/LeCP7tNqoTA6PV+8vsvNbmRUEC2ip8RQ=="
      },
      "SkiaSharp.NativeAssets.Win32": {
        "type": "Transitive",
        "resolved": "3.119.4",
        "contentHash": "XOpbx/4CReO2wYsq2s6rbvdauc6dntG4Zv499sHGTJ87bwZaFXszFkwql3+FIZMc8kUPeaj3Mx2ezIJmo8a1Kg=="
      },
      "System.CodeDom": {
        "type": "Transitive",
        "resolved": "9.0.0",
        "contentHash": "oTE5IfuMoET8yaZP/vdvy9xO47guAv/rOhe4DODuFBN3ySprcQOlXqO3j+e/H/YpKKR5sglrxRaZ2HYOhNJrqA=="
      },
      "System.Configuration.ConfigurationManager": {
        "type": "Transitive",
        "resolved": "9.0.0",
        "contentHash": "PdkuMrwDhXoKFo/JxISIi9E8L+QGn9Iquj2OKDWHB6Y/HnUOuBouF7uS3R4Hw3FoNmwwMo6hWgazQdyHIIs27A==",
        "dependencies": {
          "System.Diagnostics.EventLog": "9.0.0",
          "System.Security.Cryptography.ProtectedData": "9.0.0"
        }
      },
      "System.Diagnostics.EventLog": {
        "type": "Transitive",
        "resolved": "9.0.0",
        "contentHash": "qd01+AqPhbAG14KtdtIqFk+cxHQFZ/oqRSCoxU1F+Q6Kv0cl726sl7RzU9yLFGd4BUOKdN4XojXF0pQf/R6YeA=="
      },
      "System.Formats.Nrbf": {
        "type": "Transitive",
        "resolved": "9.0.0",
        "contentHash": "F/6tNE+ckmdFeSQAyQo26bQOqfPFKEfZcuqnp4kBE6/7jP26diP+QTHCJJ6vpEfaY6bLy+hBLiIQUSxSmNwLkA=="
      },
      "System.Reactive": {
        "type": "Transitive",
        "resolved": "5.0.0",
        "contentHash": "erBZjkQHWL9jpasCE/0qKAryzVBJFxGHVBAvgRN1bzM0q2s1S4oYREEEL0Vb+1kA/6BKb5FjUZMp5VXmy+gzkQ=="
      },
      "System.Reflection.MetadataLoadContext": {
        "type": "Transitive",
        "resolved": "9.0.0",
        "contentHash": "nGdCUVhEQ9/CWYqgaibYEDwIJjokgIinQhCnpmtZfSXdMS6ysLZ8p9xvcJ8VPx6Xpv5OsLIUrho4B9FN+VV/tw=="
      },
      "System.Resources.Extensions": {
        "type": "Transitive",
        "resolved": "9.0.0",
        "contentHash": "tvhuT1D2OwPROdL1kRWtaTJliQo0WdyhvwDpd8RM997G7m3Hya5nhbYhNTS75x6Vu+ypSOgL5qxDCn8IROtCxw==",
        "dependencies": {
          "System.Formats.Nrbf": "9.0.0"
        }
      },
      "System.Security.Cryptography.Pkcs": {
        "type": "Transitive",
        "resolved": "9.0.0",
        "contentHash": "8tluJF8w9si+2yoHeL8rgVJS6lKvWomTDC8px65Z8MCzzdME5eaPtEQf4OfVGrAxB5fW93ncucy1+221O9EQaw=="
      },
      "System.Security.Cryptography.ProtectedData": {
        "type": "Transitive",
        "resolved": "9.0.0",
        "contentHash": "CJW+x/F6fmRQ7N6K8paasTw9PDZp4t7G76UjGNlSDgoHPF0h08vTzLYbLZpOLEJSg35d5wy2jCXGo84EN05DpQ=="
      },
      "System.Security.Cryptography.Xml": {
        "type": "Transitive",
        "resolved": "9.0.0",
        "contentHash": "GQZn5wFd+pyOfwWaCbqxG7trQ5ox01oR8kYgWflgtux4HiUNihGEgG2TktRWyH+9bw7NoEju1D41H/upwQeFQw==",
        "dependencies": {
          "System.Security.Cryptography.Pkcs": "9.0.0"
        }
      },
      "Tmds.DBus.Protocol": {
        "type": "Transitive",
        "resolved": "0.94.1",
        "contentHash": "11YMr7FnAbL83bQmVxlhbIKHvSLxjO81D12Ej0QMSGXMDTxNA9MTOa4MQxx43nv5el/efuPHwzyrj6a5ha2gug=="
      },
      "fsassay.analyzers": {
        "type": "Project",
        "dependencies": {
          "FSharp.Analyzers.SDK": "[0.37.2, )",
          "FSharp.Compiler.Service": "[43.12.201, )",
          "FSharp.Core": "[10.1.201, )",
          "FSharpLint.Core": "[0.27.0, )"
        }
      },
      "FSharp.Analyzers.SDK": {
        "type": "CentralTransitive",
        "requested": "[0.37.2, )",
        "resolved": "0.37.2",
        "contentHash": "vO21YDtNZaSPPWrDC8/DbWl0FAYY5l/qzGAJaruajZSpLtVP8TilzSj5v7YkydD2kwaEjLkkmCCzJFr30/61pw==",
        "dependencies": {
          "FSharp.Compiler.Service": "43.12.201",
          "FSharp.Core": "[10.1.201]",
          "McMaster.NETCore.Plugins": "2.0.0",
          "Microsoft.Extensions.Logging.Abstractions": "6.0.0"
        }
      },
      "FSharp.Compiler.Service": {
        "type": "CentralTransitive",
        "requested": "[43.12.201, )",
        "resolved": "43.12.201",
        "contentHash": "FkAR8qjDeOCPke7+JNKnrWrglmuM1CeSVyzfsgmRGZv4C1/VMWzDF5IweLRyN64s0HyHSq61d8JIfVNGyciwCA==",
        "dependencies": {
          "FSharp.Core": "[10.1.201]"
        }
      },
      "FSharp.Core": {
        "type": "CentralTransitive",
        "requested": "[10.1.201, )",
        "resolved": "10.1.201",
        "contentHash": "s5w9LWYurZ9yZdIppoIaYLkRadyT5s3u0wbQCb0J4bQd3ubIlIWQ3Nd5+ll1y3pv5OnTS373dP8T1S/BP46QXg=="
      },
      "FSharpLint.Core": {
        "type": "CentralTransitive",
        "requested": "[0.27.0, )",
        "resolved": "0.27.0",
        "contentHash": "wQcUBwaSbN1DT0ec9rbjDotVmWGrNjhfP8R/roFLGeqtwcwTljCMfp77VIbm0A+jHX8wcfnjQ80C/xBZiiOwbQ==",
        "dependencies": {
          "FParsec": "1.1.1",
          "FSharp.Compiler.Service": "43.9.201",
          "FSharpx.Collections": "3.1.0",
          "Ionide.ProjInfo": "0.70.2",
          "Ionide.ProjInfo.FCS": "0.70.2",
          "Ionide.ProjInfo.ProjectSystem": "0.70.2",
          "Microsoft.Build": "17.14.28",
          "Microsoft.Build.Framework": "17.14.28",
          "Microsoft.Build.Locator": "1.9.1",
          "Microsoft.Build.Tasks.Core": "17.14.28",
          "Microsoft.Build.Utilities.Core": "17.14.28"
        }
      },
      "Ionide.ProjInfo.FCS": {
        "type": "CentralTransitive",
        "requested": "[0.74.2, )",
        "resolved": "0.70.2",
        "contentHash": "f4dBs/XzArjD9rD9rAHGLCCvmPtafbBJEqJWwPgBWjTwBiF0yNrXqrp3v4LtDRXqFCu742oPVMfOu8tOaU8/jA==",
        "dependencies": {
          "FSharp.Compiler.Service": "43.9.201",
          "FSharp.Core": "9.0.201",
          "Ionide.ProjInfo": "0.70.2"
        }
      }
    },
    "net10.0/linux-x64": {
      "Microsoft.DotNet.ILCompiler": {
        "type": "Direct",
        "requested": "[10.0.9, )",
        "resolved": "10.0.9",
        "contentHash": "4y+VsQOcs4EiTSINdCpCWi/aLRbIbGTxSezQXd8uGVhzbDRm1FNVTZDyCUQixE0+g9UFusvfxVcF68YYz7RzxA==",
        "dependencies": {
          "runtime.linux-x64.Microsoft.DotNet.ILCompiler": "10.0.9"
        }
      },
      "Avalonia.Angle.Windows.Natives": {
        "type": "Transitive",
        "resolved": "2.1.27548.20260419",
        "contentHash": "l17nI3XVDN3oMnpjf2pnmJg0YTwK4m6NLsn/itAjDMdObTFxN77D5F1M9sRMSfViSY3KKcse1ROczwgoWLJsnA=="
      },
      "Avalonia.Native": {
        "type": "Transitive",
        "resolved": "12.1.0",
        "contentHash": "mfNMtGP7rEVWSZoii0l40mlNhgNR6ZISTvHP7OAMn5YQHiK66EjfN26SL/kLnz1buy2VtMIiGVBbIttL8FYCZg==",
        "dependencies": {
          "Avalonia": "12.1.0"
        }
      },
      "HarfBuzzSharp.NativeAssets.Linux": {
        "type": "Transitive",
        "resolved": "8.3.1.3",
        "contentHash": "RI6A1LgmooU30+4QIyFt5rmBCzP0VzTR+587IJSGvYIsHHWlahFufihYxtraLfsIhW7I8dn6+xX+DZGygOPKWQ=="
      },
      "HarfBuzzSharp.NativeAssets.macOS": {
        "type": "Transitive",
        "resolved": "8.3.1.3",
        "contentHash": "KPTq0xnslkI6nAo0jh3ptcQPJvZZr7MWYXa2jUe4SnHc9q+JlHElmNXp0sfFoiTgoCX7WOYpYsurypuH9Gehxw=="
      },
      "HarfBuzzSharp.NativeAssets.Win32": {
        "type": "Transitive",
        "resolved": "8.3.1.3",
        "contentHash": "bx8CE8Js+XGX8PUxAHCBDEORt5aaBYtMN4Hr9QFs57Xithh6yjUyYqksizH6eRDhJkwsGI+SXWmPmMm8lZC9Pw=="
      },
      "runtime.linux-x64.Microsoft.DotNet.ILCompiler": {
        "type": "Transitive",
        "resolved": "10.0.9",
        "contentHash": "45CVefG8S0eUKUJ4LBWOi8FOAgMJOP6exW9l5M9OjvQaGR7jvkokBK50XaZCsO66uLxABcuzvncV8A3YiJLUgw=="
      },
      "SkiaSharp.NativeAssets.Linux": {
        "type": "Transitive",
        "resolved": "3.119.4",
        "contentHash": "UAyVzbqNfZsZbKbzj68zXLyUyF/SbTKmzTfOO6qDu++dtIUMMTzPBe8oOuzU/DiewpfKoUUlOSsJmqWc6blxBw=="
      },
      "SkiaSharp.NativeAssets.macOS": {
        "type": "Transitive",
        "resolved": "3.119.4",
        "contentHash": "fgBOWEqbY012x7gMfJU4ezgz6dfhJb30Z6YdW35h85Zoe39+a8YNbAAwL29ihPfWoppg5AjvyKNzD1oCvlqWwA=="
      },
      "SkiaSharp.NativeAssets.Win32": {
        "type": "Transitive",
        "resolved": "3.119.4",
        "contentHash": "XOpbx/4CReO2wYsq2s6rbvdauc6dntG4Zv499sHGTJ87bwZaFXszFkwql3+FIZMc8kUPeaj3Mx2ezIJmo8a1Kg=="
      },
      "System.Diagnostics.EventLog": {
        "type": "Transitive",
        "resolved": "9.0.0",
        "contentHash": "qd01+AqPhbAG14KtdtIqFk+cxHQFZ/oqRSCoxU1F+Q6Kv0cl726sl7RzU9yLFGd4BUOKdN4XojXF0pQf/R6YeA=="
      },
      "System.Security.Cryptography.Pkcs": {
        "type": "Transitive",
        "resolved": "9.0.0",
        "contentHash": "8tluJF8w9si+2yoHeL8rgVJS6lKvWomTDC8px65Z8MCzzdME5eaPtEQf4OfVGrAxB5fW93ncucy1+221O9EQaw=="
      }
    }
  }
}