{
  "version": 2,
  "dependencies": {
    "net10.0": {
      "Argu": {
        "type": "Direct",
        "requested": "[6.2.5, )",
        "resolved": "6.2.5",
        "contentHash": "68vfXYZCcyTFtC11Z26+S4cSyEPiUJ8PL+iGuYpIbCsH+TN27bIxV/QczHXus/+iSCOfjMJsBffBC90mlzKXrw==",
        "dependencies": {
          "FSharp.Core": "6.0.0",
          "System.Configuration.ConfigurationManager": "4.4.0"
        }
      },
      "FSharp.Analyzers.SDK": {
        "type": "Direct",
        "requested": "[0.37.2, )",
        "resolved": "0.37.2",
        "contentHash": "vO21YDtNZaSPPWrDC8/DbWl0FAYY5l/qzGAJaruajZSpLtVP8TilzSj5v7YkydD2kwaEjLkkmCCzJFr30/61pw==",
        "dependencies": {
          "FSharp.Compiler.Service": "43.12.201",
          "FSharp.Core": "[10.1.201]",
          "McMaster.NETCore.Plugins": "2.0.0",
          "Microsoft.Extensions.Logging.Abstractions": "6.0.0"
        }
      },
      "FSharp.Compiler.Service": {
        "type": "Direct",
        "requested": "[43.12.201, )",
        "resolved": "43.12.201",
        "contentHash": "FkAR8qjDeOCPke7+JNKnrWrglmuM1CeSVyzfsgmRGZv4C1/VMWzDF5IweLRyN64s0HyHSq61d8JIfVNGyciwCA==",
        "dependencies": {
          "FSharp.Core": "[10.1.201]"
        }
      },
      "FSharp.Core": {
        "type": "Direct",
        "requested": "[10.1.201, )",
        "resolved": "10.1.201",
        "contentHash": "s5w9LWYurZ9yZdIppoIaYLkRadyT5s3u0wbQCb0J4bQd3ubIlIWQ3Nd5+ll1y3pv5OnTS373dP8T1S/BP46QXg=="
      },
      "Ionide.ProjInfo.FCS": {
        "type": "Direct",
        "requested": "[0.74.2, )",
        "resolved": "0.74.2",
        "contentHash": "zAzItdSiIhq4V031YlKworGOv/918LZn2Iu+fJbJbgCunlIImLqH9C0T9T7aZCvMmHi3pDuRKNBgVwQjGzYtGg==",
        "dependencies": {
          "FSharp.Compiler.Service": "43.10.100",
          "FSharp.Core": "10.0.100",
          "Ionide.ProjInfo": "0.74.2"
        }
      },
      "FParsec": {
        "type": "Transitive",
        "resolved": "1.1.1",
        "contentHash": "Wdjf/gCNLEwd+0nUCDh9jAIIcKGwfhRramySTnTcVVgNC6i4Vp5aJklUJJfvFkEZMYNZEDGcI8pCa36/TmwmSg==",
        "dependencies": {
          "FSharp.Core": "4.3.4"
        }
      },
      "FSharp.Control.Reactive": {
        "type": "Transitive",
        "resolved": "5.0.5",
        "contentHash": "bTNzMAMvA3fxWT4Swzcb5p53+ZTzI/SWwEwqyE+oat/d9OMsyXKegw19IKmw995SVWeRdV5BALmgQJrB39ojVA==",
        "dependencies": {
          "FSharp.Core": "4.7.2",
          "System.Reactive": "[5.0.0, 6.0.0)"
        }
      },
      "FSharpx.Collections": {
        "type": "Transitive",
        "resolved": "3.1.0",
        "contentHash": "VKK+/6zD4GoAYam1MLNd5NQTL+sG9i69MkCy7f67PUhGTuoXFVNgym1mcxKvD0Kt3Cbua3aoKlNP3G5WwT9mYw==",
        "dependencies": {
          "FSharp.Core": "4.3.4"
        }
      },
      "Ionide.ProjInfo": {
        "type": "Transitive",
        "resolved": "0.74.2",
        "contentHash": "kjvt0fM3YQoyIVromp8y/TlKgiOaSNDhGuUdPxv6I6bKQBvJEAFgc4bWX8mfwBclHP5yRRCkC+i3q2cirDCM2w==",
        "dependencies": {
          "FSharp.Core": "6.0.0",
          "Microsoft.VisualStudio.SolutionPersistence": "1.0.28",
          "SemanticVersioning": "2.0.2"
        }
      },
      "Ionide.ProjInfo.ProjectSystem": {
        "type": "Transitive",
        "resolved": "0.70.2",
        "contentHash": "eypngAqMscBNxonYRTS2iODOamZo4YHHEOKGThbKLVLq0uW7bUh4xE9o6YYJEgkZ7bDwxTgnpxWDIQkOLgO2Ig==",
        "dependencies": {
          "Fsharp.Control.Reactive": "5.0.5",
          "Ionide.ProjInfo.FCS": "0.70.2",
          "Newtonsoft.Json": "13.0.3"
        }
      },
      "McMaster.NETCore.Plugins": {
        "type": "Transitive",
        "resolved": "2.0.0",
        "contentHash": "pmmrI3qPE53xEJEcg575jQeDNPzMWfNJO8/SASlB9PLPrGVrsyVNFRrvfo+3BzcbQxfUBF1//gTOiJ82dOTlTw=="
      },
      "Microsoft.Build": {
        "type": "Transitive",
        "resolved": "17.14.28",
        "contentHash": "MmGLEsROW1C9dH/d4sOqUX0sVNs2uwTCFXRQb89+pYNWDNJE+7bTJG9kOCbHeCH252XLnP55KIaOgwSpf6J4Kw==",
        "dependencies": {
          "Microsoft.Build.Framework": "17.14.28",
          "Microsoft.NET.StringTools": "17.14.28",
          "System.Configuration.ConfigurationManager": "9.0.0",
          "System.Diagnostics.EventLog": "9.0.0",
          "System.Reflection.MetadataLoadContext": "9.0.0",
          "System.Security.Cryptography.ProtectedData": "9.0.0"
        }
      },
      "Microsoft.Build.Framework": {
        "type": "Transitive",
        "resolved": "17.14.28",
        "contentHash": "wRcyTzGV0LRAtFdrddtioh59Ky4/zbvyraP0cQkDzRSRkhgAQb0K88D/JNC6VHLIXanRi3mtV1jU0uQkBwmiVg=="
      },
      "Microsoft.Build.Locator": {
        "type": "Transitive",
        "resolved": "1.9.1",
        "contentHash": "UTO1acAAxYkpI8lU9ff5D9kn4p85bFwph28Y3QPVM9qy5HKQy3kpB6gWcuVGtlSPtvfzfC67CMDHO/JDys2gNQ=="
      },
      "Microsoft.Build.Tasks.Core": {
        "type": "Transitive",
        "resolved": "17.14.28",
        "contentHash": "jk3O0tXp9QWPXhLJ7Pl8wm/eGtGgA1++vwHGWEmnwMU6eP//ghtcCUpQh9CQMwEKGDnH0aJf285V1s8yiSlKfQ==",
        "dependencies": {
          "Microsoft.Build.Framework": "17.14.28",
          "Microsoft.Build.Utilities.Core": "17.14.28",
          "Microsoft.NET.StringTools": "17.14.28",
          "System.CodeDom": "9.0.0",
          "System.Configuration.ConfigurationManager": "9.0.0",
          "System.Diagnostics.EventLog": "9.0.0",
          "System.Formats.Nrbf": "9.0.0",
          "System.Resources.Extensions": "9.0.0",
          "System.Security.Cryptography.Pkcs": "9.0.0",
          "System.Security.Cryptography.ProtectedData": "9.0.0",
          "System.Security.Cryptography.Xml": "9.0.0"
        }
      },
      "Microsoft.Build.Utilities.Core": {
        "type": "Transitive",
        "resolved": "17.14.28",
        "contentHash": "rhSdPo8QfLXXWM+rY0x0z1G4KK4ZhMoIbHROyDj8MUBFab9nvHR0NaMnjzOgXldhmD2zi2ir8d6xCatNzlhF5g==",
        "dependencies": {
          "Microsoft.Build.Framework": "17.14.28",
          "Microsoft.NET.StringTools": "17.14.28",
          "System.Configuration.ConfigurationManager": "9.0.0",
          "System.Diagnostics.EventLog": "9.0.0",
          "System.Security.Cryptography.ProtectedData": "9.0.0"
        }
      },
      "Microsoft.Extensions.Logging.Abstractions": {
        "type": "Transitive",
        "resolved": "6.0.0",
        "contentHash": "/HggWBbTwy8TgebGSX5DBZ24ndhzi93sHUBDvP1IxbZD7FDokYzdAr6+vbWGjw2XAfR2EJ1sfKUotpjHnFWPxA=="
      },
      "Microsoft.NET.StringTools": {
        "type": "Transitive",
        "resolved": "17.14.28",
        "contentHash": "DMIeWDlxe0Wz0DIhJZ2FMoGQAN2yrGZOi5jjFhRYHWR5ONd0CS6IpAHlRnA7uA/5BF+BADvgsETxW2XrPiFc1A=="
      },
      "Microsoft.VisualStudio.SolutionPersistence": {
        "type": "Transitive",
        "resolved": "1.0.28",
        "contentHash": "VAdfHO35rE29gaVP8RPf6Et+z6wygxUCyQFUARgzplNje7keq9JZY8vF5oexhHxUTKqilMQyXQ8XdjRFjhQQwQ=="
      },
      "Newtonsoft.Json": {
        "type": "Transitive",
        "resolved": "13.0.3",
        "contentHash": "HrC5BXdl00IP9zeV+0Z848QWPAoCr9P3bDEZguI+gkLcBKAOxix/tLEAAHC+UvDNPv4a2d18lOReHMOagPa+zQ=="
      },
      "SemanticVersioning": {
        "type": "Transitive",
        "resolved": "2.0.2",
        "contentHash": "4EQgYdNZ92SyaO7YFk6olVnebF5V+jrHyMUjvPq89tLeMo8NSfgDF+6Zwq/lgh9j/0yfQp9Lkm0ZA0rUATCZFA=="
      },
      "System.CodeDom": {
        "type": "Transitive",
        "resolved": "9.0.0",
        "contentHash": "oTE5IfuMoET8yaZP/vdvy9xO47guAv/rOhe4DODuFBN3ySprcQOlXqO3j+e/H/YpKKR5sglrxRaZ2HYOhNJrqA=="
      },
      "System.Configuration.ConfigurationManager": {
        "type": "Transitive",
        "resolved": "9.0.0",
        "contentHash": "PdkuMrwDhXoKFo/JxISIi9E8L+QGn9Iquj2OKDWHB6Y/HnUOuBouF7uS3R4Hw3FoNmwwMo6hWgazQdyHIIs27A==",
        "dependencies": {
          "System.Diagnostics.EventLog": "9.0.0",
          "System.Security.Cryptography.ProtectedData": "9.0.0"
        }
      },
      "System.Diagnostics.EventLog": {
        "type": "Transitive",
        "resolved": "9.0.0",
        "contentHash": "qd01+AqPhbAG14KtdtIqFk+cxHQFZ/oqRSCoxU1F+Q6Kv0cl726sl7RzU9yLFGd4BUOKdN4XojXF0pQf/R6YeA=="
      },
      "System.Formats.Nrbf": {
        "type": "Transitive",
        "resolved": "9.0.0",
        "contentHash": "F/6tNE+ckmdFeSQAyQo26bQOqfPFKEfZcuqnp4kBE6/7jP26diP+QTHCJJ6vpEfaY6bLy+hBLiIQUSxSmNwLkA=="
      },
      "System.Reactive": {
        "type": "Transitive",
        "resolved": "5.0.0",
        "contentHash": "erBZjkQHWL9jpasCE/0qKAryzVBJFxGHVBAvgRN1bzM0q2s1S4oYREEEL0Vb+1kA/6BKb5FjUZMp5VXmy+gzkQ=="
      },
      "System.Reflection.MetadataLoadContext": {
        "type": "Transitive",
        "resolved": "9.0.0",
        "contentHash": "nGdCUVhEQ9/CWYqgaibYEDwIJjokgIinQhCnpmtZfSXdMS6ysLZ8p9xvcJ8VPx6Xpv5OsLIUrho4B9FN+VV/tw=="
      },
      "System.Resources.Extensions": {
        "type": "Transitive",
        "resolved": "9.0.0",
        "contentHash": "tvhuT1D2OwPROdL1kRWtaTJliQo0WdyhvwDpd8RM997G7m3Hya5nhbYhNTS75x6Vu+ypSOgL5qxDCn8IROtCxw==",
        "dependencies": {
          "System.Formats.Nrbf": "9.0.0"
        }
      },
      "System.Security.Cryptography.Pkcs": {
        "type": "Transitive",
        "resolved": "9.0.0",
        "contentHash": "8tluJF8w9si+2yoHeL8rgVJS6lKvWomTDC8px65Z8MCzzdME5eaPtEQf4OfVGrAxB5fW93ncucy1+221O9EQaw=="
      },
      "System.Security.Cryptography.ProtectedData": {
        "type": "Transitive",
        "resolved": "9.0.0",
        "contentHash": "CJW+x/F6fmRQ7N6K8paasTw9PDZp4t7G76UjGNlSDgoHPF0h08vTzLYbLZpOLEJSg35d5wy2jCXGo84EN05DpQ=="
      },
      "System.Security.Cryptography.Xml": {
        "type": "Transitive",
        "resolved": "9.0.0",
        "contentHash": "GQZn5wFd+pyOfwWaCbqxG7trQ5ox01oR8kYgWflgtux4HiUNihGEgG2TktRWyH+9bw7NoEju1D41H/upwQeFQw==",
        "dependencies": {
          "System.Security.Cryptography.Pkcs": "9.0.0"
        }
      },
      "fsassay.analyzers": {
        "type": "Project",
        "dependencies": {
          "FSharp.Analyzers.SDK": "[0.37.2, )",
          "FSharp.Compiler.Service": "[43.12.201, )",
          "FSharp.Core": "[10.1.201, )",
          "FSharpLint.Core": "[0.27.0, )"
        }
      },
      "FSharpLint.Core": {
        "type": "CentralTransitive",
        "requested": "[0.27.0, )",
        "resolved": "0.27.0",
        "contentHash": "wQcUBwaSbN1DT0ec9rbjDotVmWGrNjhfP8R/roFLGeqtwcwTljCMfp77VIbm0A+jHX8wcfnjQ80C/xBZiiOwbQ==",
        "dependencies": {
          "FParsec": "1.1.1",
          "FSharp.Compiler.Service": "43.9.201",
          "FSharpx.Collections": "3.1.0",
          "Ionide.ProjInfo": "0.70.2",
          "Ionide.ProjInfo.FCS": "0.70.2",
          "Ionide.ProjInfo.ProjectSystem": "0.70.2",
          "Microsoft.Build": "17.14.28",
          "Microsoft.Build.Framework": "17.14.28",
          "Microsoft.Build.Locator": "1.9.1",
          "Microsoft.Build.Tasks.Core": "17.14.28",
          "Microsoft.Build.Utilities.Core": "17.14.28"
        }
      }
    }
  }
}